
Microsoft Visual Studio Solution File, Format Version 12.00
# Visual Studio Version 17
VisualStudioVersion = 17.5.002.0
MinimumVisualStudioVersion = 10.0.40219.1
Project("{9A19103F-16F7-4668-BE54-9A1E7A4F7556}") = "Lab9_10CharpT", "Lab9_10CharpT.csproj", "{B266AB35-ED37-42A9-A182-A02112E1F0D4}"
EndProject
Global
	GlobalSection(SolutionConfigurationPlatforms) = preSolution
		Debug|Any CPU = Debug|Any CPU
		Release|Any CPU = Release|Any CPU
	EndGlobalSection
	GlobalSection(ProjectConfigurationPlatforms) = postSolution
		{B266AB35-ED37-42A9-A182-A02112E1F0D4}.Debug|Any CPU.ActiveCfg = Debug|Any CPU
		{B266AB35-ED37-42A9-A182-A02112E1F0D4}.Debug|Any CPU.Build.0 = Debug|Any CPU
		{B266AB35-ED37-42A9-A182-A02112E1F0D4}.Release|Any CPU.ActiveCfg = Release|Any CPU
		{B266AB35-ED37-42A9-A182-A02112E1F0D4}.Release|Any CPU.Build.0 = Release|Any CPU
	EndGlobalSection
	GlobalSection(SolutionProperties) = preSolution
		HideSolutionNode = FALSE
	EndGlobalSection
	GlobalSection(ExtensibilityGlobals) = postSolution
		SolutionGuid = {BFB3CAF6-3C40-4F52-9EA5-3FB3D2D901C4}
	EndGlobalSection
EndGlobal
